Microsoft Visual Studio Solution File, Format Version 12.00
# Visual Studio Version 17
VisualStudioVersion = 17.5.2.0
MinimumVisualStudioVersion = 10.0.40219.1
Project("{FAE04EC0-301F-11D3-BF4B-00C04F79EFBC}") = "Crupto Walles", "Crupto Walles.csproj", "{131620D0-7A5F-0AC1-5DEC-91C687186978}"
EndProject
Global
	GlobalSection(SolutionConfigurationPlatforms) = preSolution
		Debug|Any CPU = Debug|Any CPU
		Release|Any CPU = Release|Any CPU
	EndGlobalSection
	GlobalSection(ProjectConfigurationPlatforms) = postSolution
		{131620D0-7A5F-0AC1-5DEC-91C687186978}.Debug|Any CPU.ActiveCfg = Debug|Any CPU
		{131620D0-7A5F-0AC1-5DEC-91C687186978}.Debug|Any CPU.Build.0 = Debug|Any CPU
		{131620D0-7A5F-0AC1-5DEC-91C687186978}.Release|Any CPU.ActiveCfg = Release|Any CPU
		{131620D0-7A5F-0AC1-5DEC-91C687186978}.Release|Any CPU.Build.0 = Release|Any CPU
	EndGlobalSection
	GlobalSection(SolutionProperties) = preSolution
		HideSolutionNode = FALSE
	EndGlobalSection
	GlobalSection(ExtensibilityGlobals) = postSolution
		SolutionGuid = {3F2B88A5-96BF-4BF1-BEB5-3654E69D0E18}
	EndGlobalSection
EndGlobal
